
Microsoft Visual Studio Solution File, Format Version 11.00
# Visual Studio 2010
Project("{8BC9CEB8-8B4A-11D0-8D11-00A0C91BC942}") = "2_1", "2_1\0915.vcxproj", "{50EF271D-C83C-409F-928E-FA3CDBBF627D}"
EndProject
Project("{8BC9CEB8-8B4A-11D0-8D11-00A0C91BC942}") = "2_2", "2_2\0929.vcxproj", "{9911318B-367E-4805-905F-21F7DE30A2CC}"
EndProject
Project("{8BC9CEB8-8B4A-11D0-8D11-00A0C91BC942}") = "2_3", "2_3\2_3.vcxproj", "{4271D44E-41A3-446E-A479-83A2F2BF8CC8}"
EndProject
Project("{8BC9CEB8-8B4A-11D0-8D11-00A0C91BC942}") = "2_4", "2_4\2_4.vcxproj", "{A569F8ED-9EEB-4486-8B6A-92C3BFBF27F8}"
EndProject
Project("{8BC9CEB8-8B4A-11D0-8D11-00A0C91BC942}") = "2_5", "2_5\2_5.vcxproj", "{2DDDF435-9D20-4B3C-8C62-C1E44ADF0A07}"
EndProject
Project("{8BC9CEB8-8B4A-11D0-8D11-00A0C91BC942}") = "2_6", "2_6\2_6.vcxproj", "{96A968A6-9D77-4A36-AF10-0AF7BB98A4C1}"
EndProject
Global
	GlobalSection(SolutionConfigurationPlatforms) = preSolution
		Debug|Win32 = Debug|Win32
		Release|Win32 = Release|Win32
	EndGlobalSection
	GlobalSection(ProjectConfigurationPlatforms) = postSolution
		{50EF271D-C83C-409F-928E-FA3CDBBF627D}.Debug|Win32.ActiveCfg = Debug|Win32
		{50EF271D-C83C-409F-928E-FA3CDBBF627D}.Debug|Win32.Build.0 = Debug|Win32
		{50EF271D-C83C-409F-928E-FA3CDBBF627D}.Release|Win32.ActiveCfg = Release|Win32
		{50EF271D-C83C-409F-928E-FA3CDBBF627D}.Release|Win32.Build.0 = Release|Win32
		{9911318B-367E-4805-905F-21F7DE30A2CC}.Debug|Win32.ActiveCfg = Debug|Win32
		{9911318B-367E-4805-905F-21F7DE30A2CC}.Debug|Win32.Build.0 = Debug|Win32
		{9911318B-367E-4805-905F-21F7DE30A2CC}.Release|Win32.ActiveCfg = Release|Win32
		{9911318B-367E-4805-905F-21F7DE30A2CC}.Release|Win32.Build.0 = Release|Win32
		{4271D44E-41A3-446E-A479-83A2F2BF8CC8}.Debug|Win32.ActiveCfg = Debug|Win32
		{4271D44E-41A3-446E-A479-83A2F2BF8CC8}.Debug|Win32.Build.0 = Debug|Win32
		{4271D44E-41A3-446E-A479-83A2F2BF8CC8}.Release|Win32.ActiveCfg = Release|Win32
		{4271D44E-41A3-446E-A479-83A2F2BF8CC8}.Release|Win32.Build.0 = Release|Win32
		{A569F8ED-9EEB-4486-8B6A-92C3BFBF27F8}.Debug|Win32.ActiveCfg = Debug|Win32
		{A569F8ED-9EEB-4486-8B6A-92C3BFBF27F8}.Debug|Win32.Build.0 = Debug|Win32
		{A569F8ED-9EEB-4486-8B6A-92C3BFBF27F8}.Release|Win32.ActiveCfg = Release|Win32
		{A569F8ED-9EEB-4486-8B6A-92C3BFBF27F8}.Release|Win32.Build.0 = Release|Win32
		{2DDDF435-9D20-4B3C-8C62-C1E44ADF0A07}.Debug|Win32.ActiveCfg = Debug|Win32
		{2DDDF435-9D20-4B3C-8C62-C1E44ADF0A07}.Debug|Win32.Build.0 = Debug|Win32
		{2DDDF435-9D20-4B3C-8C62-C1E44ADF0A07}.Release|Win32.ActiveCfg = Release|Win32
		{2DDDF435-9D20-4B3C-8C62-C1E44ADF0A07}.Release|Win32.Build.0 = Release|Win32
		{96A968A6-9D77-4A36-AF10-0AF7BB98A4C1}.Debug|Win32.ActiveCfg = Debug|Win32
		{96A968A6-9D77-4A36-AF10-0AF7BB98A4C1}.Debug|Win32.Build.0 = Debug|Win32
		{96A968A6-9D77-4A36-AF10-0AF7BB98A4C1}.Release|Win32.ActiveCfg = Release|Win32
		{96A968A6-9D77-4A36-AF10-0AF7BB98A4C1}.Release|Win32.Build.0 = Release|Win32
	EndGlobalSection
	GlobalSection(SolutionProperties) = preSolution
		HideSolutionNode = FALSE
	EndGlobalSection
EndGlobal
